
Microsoft Visual Studio Solution File, Format Version 12.00
# Visual Studio Version 16
VisualStudioVersion = 16.0.29709.97
MinimumVisualStudioVersion = 10.0.40219.1
Project("{FAE04EC0-301F-11D3-BF4B-00C04F79EFBC}") = "KWPortfolio", "KWPortfolio\KWPortfolio.csproj", "{64CA6DD6-E200-4BD5-81EB-F155D97562FE}"
EndProject
Global
	GlobalSection(SolutionConfigurationPlatforms) = preSolution
		Debug|Any CPU = Debug|Any CPU
		Release|Any CPU = Release|Any CPU
	EndGlobalSection
	GlobalSection(ProjectConfigurationPlatforms) = postSolution
		{64CA6DD6-E200-4BD5-81EB-F155D97562FE}.Debug|Any CPU.ActiveCfg = Debug|Any CPU
		{64CA6DD6-E200-4BD5-81EB-F155D97562FE}.Debug|Any CPU.Build.0 = Debug|Any CPU
		{64CA6DD6-E200-4BD5-81EB-F155D97562FE}.Release|Any CPU.ActiveCfg = Release|Any CPU
		{64CA6DD6-E200-4BD5-81EB-F155D97562FE}.Release|Any CPU.Build.0 = Release|Any CPU
	EndGlobalSection
	GlobalSection(SolutionProperties) = preSolution
		HideSolutionNode = FALSE
	EndGlobalSection
	GlobalSection(ExtensibilityGlobals) = postSolution
		SolutionGuid = {8CD3809D-F5BB-4ABC-A691-661FD0166462}
	EndGlobalSection
EndGlobal
